
Microsoft Visual Studio Solution File, Format Version 12.00
# Visual Studio Version 17
VisualStudioVersion = 17.3.32922.545
MinimumVisualStudioVersion = 10.0.40219.1
Project("{8BC9CEB8-8B4A-11D0-8D11-00A0C91BC942}") = "TicketMaster", "TicketMaster\TicketMaster.vcxproj", "{D9A2FF62-033B-4437-B6EC-0E40B22D4BBC}"
EndProject
Project("{54A90642-561A-4BB1-A94E-469ADEE60C69}") = "PDFMicroservice", "PDFMicroservice\PDFMicroservice.esproj", "{1ADBCC4C-0FEB-43E7-B844-33D398A7798C}"
EndProject
Global
	GlobalSection(SolutionConfigurationPlatforms) = preSolution
		Debug|Any CPU = Debug|Any CPU
		Debug|x64 = Debug|x64
		Debug|x86 = Debug|x86
		Release|Any CPU = Release|Any CPU
		Release|x64 = Release|x64
		Release|x86 = Release|x86
	EndGlobalSection
	GlobalSection(ProjectConfigurationPlatforms) = postSolution
		{D9A2FF62-033B-4437-B6EC-0E40B22D4BBC}.Debug|Any CPU.ActiveCfg = Debug|x64
		{D9A2FF62-033B-4437-B6EC-0E40B22D4BBC}.Debug|Any CPU.Build.0 = Debug|x64
		{D9A2FF62-033B-4437-B6EC-0E40B22D4BBC}.Debug|x64.ActiveCfg = Debug|x64
		{D9A2FF62-033B-4437-B6EC-0E40B22D4BBC}.Debug|x64.Build.0 = Debug|x64
		{D9A2FF62-033B-4437-B6EC-0E40B22D4BBC}.Debug|x86.ActiveCfg = Debug|Win32
		{D9A2FF62-033B-4437-B6EC-0E40B22D4BBC}.Debug|x86.Build.0 = Debug|Win32
		{D9A2FF62-033B-4437-B6EC-0E40B22D4BBC}.Release|Any CPU.ActiveCfg = Release|x64
		{D9A2FF62-033B-4437-B6EC-0E40B22D4BBC}.Release|Any CPU.Build.0 = Release|x64
		{D9A2FF62-033B-4437-B6EC-0E40B22D4BBC}.Release|x64.ActiveCfg = Release|x64
		{D9A2FF62-033B-4437-B6EC-0E40B22D4BBC}.Release|x64.Build.0 = Release|x64
		{D9A2FF62-033B-4437-B6EC-0E40B22D4BBC}.Release|x86.ActiveCfg = Release|Win32
		{D9A2FF62-033B-4437-B6EC-0E40B22D4BBC}.Release|x86.Build.0 = Release|Win32
		{1ADBCC4C-0FEB-43E7-B844-33D398A7798C}.Debug|Any CPU.ActiveCfg = Debug|Any CPU
		{1ADBCC4C-0FEB-43E7-B844-33D398A7798C}.Debug|Any CPU.Build.0 = Debug|Any CPU
		{1ADBCC4C-0FEB-43E7-B844-33D398A7798C}.Debug|Any CPU.Deploy.0 = Debug|Any CPU
		{1ADBCC4C-0FEB-43E7-B844-33D398A7798C}.Debug|x64.ActiveCfg = Debug|Any CPU
		{1ADBCC4C-0FEB-43E7-B844-33D398A7798C}.Debug|x64.Build.0 = Debug|Any CPU
		{1ADBCC4C-0FEB-43E7-B844-33D398A7798C}.Debug|x64.Deploy.0 = Debug|Any CPU
		{1ADBCC4C-0FEB-43E7-B844-33D398A7798C}.Debug|x86.ActiveCfg = Debug|Any CPU
		{1ADBCC4C-0FEB-43E7-B844-33D398A7798C}.Debug|x86.Build.0 = Debug|Any CPU
		{1ADBCC4C-0FEB-43E7-B844-33D398A7798C}.Debug|x86.Deploy.0 = Debug|Any CPU
		{1ADBCC4C-0FEB-43E7-B844-33D398A7798C}.Release|Any CPU.ActiveCfg = Release|Any CPU
		{1ADBCC4C-0FEB-43E7-B844-33D398A7798C}.Release|Any CPU.Build.0 = Release|Any CPU
		{1ADBCC4C-0FEB-43E7-B844-33D398A7798C}.Release|Any CPU.Deploy.0 = Release|Any CPU
		{1ADBCC4C-0FEB-43E7-B844-33D398A7798C}.Release|x64.ActiveCfg = Release|Any CPU
		{1ADBCC4C-0FEB-43E7-B844-33D398A7798C}.Release|x64.Build.0 = Release|Any CPU
		{1ADBCC4C-0FEB-43E7-B844-33D398A7798C}.Release|x64.Deploy.0 = Release|Any CPU
		{1ADBCC4C-0FEB-43E7-B844-33D398A7798C}.Release|x86.ActiveCfg = Release|Any CPU
		{1ADBCC4C-0FEB-43E7-B844-33D398A7798C}.Release|x86.Build.0 = Release|Any CPU
		{1ADBCC4C-0FEB-43E7-B844-33D398A7798C}.Release|x86.Deploy.0 = Release|Any CPU
	EndGlobalSection
	GlobalSection(SolutionProperties) = preSolution
		HideSolutionNode = FALSE
	EndGlobalSection
	GlobalSection(ExtensibilityGlobals) = postSolution
		SolutionGuid = {43FE5C8A-9B30-41BA-9881-FC3AFF56FD22}
	EndGlobalSection
EndGlobal
